// !$*UTF8*$!
{
	archiveVersion = 1;
	classes = {
	};
	objectVersion = 46;
	objects = {

/* Begin PBXBuildFile section */
		373492BC1A84CD1D0084A26E /* Foundation.framework in Frameworks */ = {isa = PBXBuildFile; fileRef = 373492BB1A84CD1D0084A26E /* Foundation.framework */; };
		373492BE1A84CD1D0084A26E /* CoreGraphics.framework in Frameworks */ = {isa = PBXBuildFile; fileRef = 373492BD1A84CD1D0084A26E /* CoreGraphics.framework */; };
		373492C01A84CD1D0084A26E /* UIKit.framework in Frameworks */ = {isa = PBXBuildFile; fileRef = 373492BF1A84CD1D0084A26E /* UIKit.framework */; };
		373492C61A84CD1D0084A26E /* InfoPlist.strings in Resources */ = {isa = PBXBuildFile; fileRef = 373492C41A84CD1D0084A26E /* InfoPlist.strings */; };
		373492C81A84CD1D0084A26E /* main.m in Sources */ = {isa = PBXBuildFile; fileRef = 373492C71A84CD1D0084A26E /* main.m */; };
		373492CC1A84CD1D0084A26E /* Programming_DemoAppDelegate.m in Sources */ = {isa = PBXBuildFile; fileRef = 373492CB1A84CD1D0084A26E /* Programming_DemoAppDelegate.m */; };
		373492CF1A84CD1D0084A26E /* Main.storyboard in Resources */ = {isa = PBXBuildFile; fileRef = 373492CD1A84CD1D0084A26E /* Main.storyboard */; };
		373492D21A84CD1D0084A26E /* Programming_DemoViewController.m in Sources */ = {isa = PBXBuildFile; fileRef = 373492D11A84CD1D0084A26E /* Programming_DemoViewController.m */; };
		373492D41A84CD1D0084A26E /* Images.xcassets in Resources */ = {isa = PBXBuildFile; fileRef = 373492D31A84CD1D0084A26E /* Images.xcassets */; };
		373492DB1A84CD1D0084A26E /* XCTest.framework in Frameworks */ = {isa = PBXBuildFile; fileRef = 373492DA1A84CD1D0084A26E /* XCTest.framework */; };
		373492DC1A84CD1D0084A26E /* Foundation.framework in Frameworks */ = {isa = PBXBuildFile; fileRef = 373492BB1A84CD1D0084A26E /* Foundation.framework */; };
		373492DD1A84CD1D0084A26E /* UIKit.framework in Frameworks */ = {isa = PBXBuildFile; fileRef = 373492BF1A84CD1D0084A26E /* UIKit.framework */; };
		373492E51A84CD1D0084A26E /* InfoPlist.strings in Resources */ = {isa = PBXBuildFile; fileRef = 373492E31A84CD1D0084A26E /* InfoPlist.strings */; };
		373492E71A84CD1D0084A26E /* Table_ViewTests.m in Sources */ = {isa = PBXBuildFile; fileRef = 373492E61A84CD1D0084A26E /* Table_ViewTests.m */; };
		37C3B0431A9F258D0094D70E /* delhi.jpg in Resources */ = {isa = PBXBuildFile; fileRef = 37C3B0421A9F258D0094D70E /* delhi.jpg */; };
/* End PBXBuildFile section */

/* Begin PBXContainerItemProxy section */
		373492DE1A84CD1D0084A26E /* PBXContainerItemProxy */ = {
			isa = PBXContainerItemProxy;
			containerPortal = 373492B01A84CD1D0084A26E /* Project object */;
			proxyType = 1;
			remoteGlobalIDString = 373492B71A84CD1D0084A26E;
			remoteInfo = "Table View";
		};
/* End PBXContainerItemProxy section */

/* Begin PBXFileReference section */
		373492B81A84CD1D0084A26E /* Table View.app */ = {isa = PBXFileReference; explicitFileType = wrapper.application; includeInIndex = 0; path = "Table View.app"; sourceTree = BUILT_PRODUCTS_DIR; };
		373492BB1A84CD1D0084A26E /* Foundation.framework */ = {isa = PBXFileReference; lastKnownFileType = wrapper.framework; name = Foundation.framework; path = System/Library/Frameworks/Foundation.framework; sourceTree = SDKROOT; };
		373492BD1A84CD1D0084A26E /* CoreGraphics.framework */ = {isa = PBXFileReference; lastKnownFileType = wrapper.framework; name = CoreGraphics.framework; path = System/Library/Frameworks/CoreGraphics.framework; sourceTree = SDKROOT; };
		373492BF1A84CD1D0084A26E /* UIKit.framework */ = {isa = PBXFileReference; lastKnownFileType = wrapper.framework; name = UIKit.framework; path = System/Library/Frameworks/UIKit.framework; sourceTree = SDKROOT; };
		373492C31A84CD1D0084A26E /* Table View-Info.plist */ = {isa = PBXFileReference; lastKnownFileType = text.plist.xml; path = "Table View-Info.plist"; sourceTree = "<group>"; };
		373492C51A84CD1D0084A26E /* en */ = {isa = PBXFileReference; lastKnownFileType = text.plist.strings; name = en; path = en.lproj/InfoPlist.strings; sourceTree = "<group>"; };
		373492C71A84CD1D0084A26E /* main.m */ = {isa = PBXFileReference; lastKnownFileType = sourcecode.c.objc; path = main.m; sourceTree = "<group>"; };
		373492C91A84CD1D0084A26E /* Table View-Prefix.pch */ = {isa = PBXFileReference; lastKnownFileType = sourcecode.c.h; path = "Table View-Prefix.pch"; sourceTree = "<group>"; };
		373492CA1A84CD1D0084A26E /* Programming_DemoAppDelegate.h */ = {isa = PBXFileReference; lastKnownFileType = sourcecode.c.h; path = Programming_DemoAppDelegate.h; sourceTree = "<group>"; };
		373492CB1A84CD1D0084A26E /* Programming_DemoAppDelegate.m */ = {isa = PBXFileReference; lastKnownFileType = sourcecode.c.objc; path = Programming_DemoAppDelegate.m; sourceTree = "<group>"; };
		373492CE1A84CD1D0084A26E /* Base */ = {isa = PBXFileReference; lastKnownFileType = file.storyboard; name = Base; path = Base.lproj/Main.storyboard; sourceTree = "<group>"; };
		373492D01A84CD1D0084A26E /* Programming_DemoViewController.h */ = {isa = PBXFileReference; lastKnownFileType = sourcecode.c.h; path = Programming_DemoViewController.h; sourceTree = "<group>"; };
		373492D11A84CD1D0084A26E /* Programming_DemoViewController.m */ = {isa = PBXFileReference; lastKnownFileType = sourcecode.c.objc; path = Programming_DemoViewController.m; sourceTree = "<group>"; };
		373492D31A84CD1D0084A26E /* Images.xcassets */ = {isa = PBXFileReference; lastKnownFileType = folder.assetcatalog; path = Images.xcassets; sourceTree = "<group>"; };
		373492D91A84CD1D0084A26E /* Table ViewTests.xctest */ = {isa = PBXFileReference; explicitFileType = wrapper.cfbundle; includeInIndex = 0; path = "Table ViewTests.xctest"; sourceTree = BUILT_PRODUCTS_DIR; };
		373492DA1A84CD1D0084A26E /* XCTest.framework */ = {isa = PBXFileReference; lastKnownFileType = wrapper.framework; name = XCTest.framework; path = Library/Frameworks/XCTest.framework; sourceTree = DEVELOPER_DIR; };
		373492E21A84CD1D0084A26E /* Table ViewTests-Info.plist */ = {isa = PBXFileReference; lastKnownFileType = text.plist.xml; path = "Table ViewTests-Info.plist"; sourceTree = "<group>"; };
		373492E41A84CD1D0084A26E /* en */ = {isa = PBXFileReference; lastKnownFileType = text.plist.strings; name = en; path = en.lproj/InfoPlist.strings; sourceTree = "<group>"; };
		373492E61A84CD1D0084A26E /* Table_ViewTests.m */ = {isa = PBXFileReference; lastKnownFileType = sourcecode.c.objc; path = Table_ViewTests.m; sourceTree = "<group>"; };
		37C3B0421A9F258D0094D70E /* delhi.jpg */ = {isa = PBXFileReference; lastKnownFileType = image.jpeg; path = delhi.jpg; sourceTree = "<group>"; };
/* End PBXFileReference section */

/* Begin PBXFrameworksBuildPhase section */
		373492B51A84CD1D0084A26E /* Frameworks */ = {
			isa = PBXFrameworksBuildPhase;
			buildActionMask = 2147483647;
			files = (
				373492BE1A84CD1D0084A26E /* CoreGraphics.framework in Frameworks */,
				373492C01A84CD1D0084A26E /* UIKit.framework in Frameworks */,
				373492BC1A84CD1D0084A26E /* Foundation.framework in Frameworks */,
			);
			runOnlyForDeploymentPostprocessing = 0;
		};
		373492D61A84CD1D0084A26E /* Frameworks */ = {
			isa = PBXFrameworksBuildPhase;
			buildActionMask = 2147483647;
			files = (
				373492DB1A84CD1D0084A26E /* XCTest.framework in Frameworks */,
				373492DD1A84CD1D0084A26E /* UIKit.framework in Frameworks */,
				373492DC1A84CD1D0084A26E /* Foundation.framework in Frameworks */,
			);
			runOnlyForDeploymentPostprocessing = 0;
		};
/* End PBXFrameworksBuildPhase section */

/* Begin PBXGroup section */
		373492AF1A84CD1D0084A26E = {
			isa = PBXGroup;
			children = (
				373492C11A84CD1D0084A26E /* Table View */,
				373492E01A84CD1D0084A26E /* Table ViewTests */,
				373492BA1A84CD1D0084A26E /* Frameworks */,
				373492B91A84CD1D0084A26E /* Products */,
			);
			sourceTree = "<group>";
		};
		373492B91A84CD1D0084A26E /* Products */ = {
			isa = PBXGroup;
			children = (
				373492B81A84CD1D0084A26E /* Table View.app */,
				373492D91A84CD1D0084A26E /* Table ViewTests.xctest */,
			);
			name = Products;
			sourceTree = "<group>";
		};
		373492BA1A84CD1D0084A26E /* Frameworks */ = {
			isa = PBXGroup;
			children = (
				373492BB1A84CD1D0084A26E /* Foundation.framework */,
				373492BD1A84CD1D0084A26E /* CoreGraphics.framework */,
				373492BF1A84CD1D0084A26E /* UIKit.framework */,
				373492DA1A84CD1D0084A26E /* XCTest.framework */,
			);
			name = Frameworks;
			sourceTree = "<group>";
		};
		373492C11A84CD1D0084A26E /* Table View */ = {
			isa = PBXGroup;
			children = (
				373492CA1A84CD1D0084A26E /* Programming_DemoAppDelegate.h */,
				373492CB1A84CD1D0084A26E /* Programming_DemoAppDelegate.m */,
				373492CD1A84CD1D0084A26E /* Main.storyboard */,
				373492D01A84CD1D0084A26E /* Programming_DemoViewController.h */,
				373492D11A84CD1D0084A26E /* Programming_DemoViewController.m */,
				37C3B0421A9F258D0094D70E /* delhi.jpg */,
				373492D31A84CD1D0084A26E /* Images.xcassets */,
				373492C21A84CD1D0084A26E /* Supporting Files */,
			);
			path = "Table View";
			sourceTree = "<group>";
		};
		373492C21A84CD1D0084A26E /* Supporting Files */ = {
			isa = PBXGroup;
			children = (
				373492C31A84CD1D0084A26E /* Table View-Info.plist */,
				373492C41A84CD1D0084A26E /* InfoPlist.strings */,
				373492C71A84CD1D0084A26E /* main.m */,
				373492C91A84CD1D0084A26E /* Table View-Prefix.pch */,
			);
			name = "Supporting Files";
			sourceTree = "<group>";
		};
		373492E01A84CD1D0084A26E /* Table ViewTests */ = {
			isa = PBXGroup;
			children = (
				373492E61A84CD1D0084A26E /* Table_ViewTests.m */,
				373492E11A84CD1D0084A26E /* Supporting Files */,
			);
			path = "Table ViewTests";
			sourceTree = "<group>";
		};
		373492E11A84CD1D0084A26E /* Supporting Files */ = {
			isa = PBXGroup;
			children = (
				373492E21A84CD1D0084A26E /* Table ViewTests-Info.plist */,
				373492E31A84CD1D0084A26E /* InfoPlist.strings */,
			);
			name = "Supporting Files";
			sourceTree = "<group>";
		};
/* End PBXGroup section */

/* Begin PBXNativeTarget section */
		373492B71A84CD1D0084A26E /* Table View */ = {
			isa = PBXNativeTarget;
			buildConfigurationList = 373492EA1A84CD1D0084A26E /* Build configuration list for PBXNativeTarget "Table View" */;
			buildPhases = (
				373492B41A84CD1D0084A26E /* Sources */,
				373492B51A84CD1D0084A26E /* Frameworks */,
				373492B61A84CD1D0084A26E /* Resources */,
			);
			buildRules = (
			);
			dependencies = (
			);
			name = "Table View";
			productName = "Table View";
			productReference = 373492B81A84CD1D0084A26E /* Table View.app */;
			productType = "com.apple.product-type.application";
		};
		373492D81A84CD1D0084A26E /* Table ViewTests */ = {
			isa = PBXNativeTarget;
			buildConfigurationList = 373492ED1A84CD1D0084A26E /* Build configuration list for PBXNativeTarget "Table ViewTests" */;
			buildPhases = (
				373492D51A84CD1D0084A26E /* Sources */,
				373492D61A84CD1D0084A26E /* Frameworks */,
				373492D71A84CD1D0084A26E /* Resources */,
			);
			buildRules = (
			);
			dependencies = (
				373492DF1A84CD1D0084A26E /* PBXTargetDependency */,
			);
			name = "Table ViewTests";
			productName = "Table ViewTests";
			productReference = 373492D91A84CD1D0084A26E /* Table ViewTests.xctest */;
			productType = "com.apple.product-type.bundle.unit-test";
		};
/* End PBXNativeTarget section */

/* Begin PBXProject section */
		373492B01A84CD1D0084A26E /* Project object */ = {
			isa = PBXProject;
			attributes = {
				CLASSPREFIX = "Programming Demo";
				LastUpgradeCheck = 0510;
				ORGANIZATIONNAME = Bets;
				TargetAttributes = {
					373492D81A84CD1D0084A26E = {
						TestTargetID = 373492B71A84CD1D0084A26E;
					};
				};
			};
			buildConfigurationList = 373492B31A84CD1D0084A26E /* Build configuration list for PBXProject "Table View" */;
			compatibilityVersion = "Xcode 3.2";
			developmentRegion = English;
			hasScannedForEncodings = 0;
			knownRegions = (
				en,
				Base,
			);
			mainGroup = 373492AF1A84CD1D0084A26E;
			productRefGroup = 373492B91A84CD1D0084A26E /* Products */;
			projectDirPath = "";
			projectRoot = "";
			targets = (
				373492B71A84CD1D0084A26E /* Table View */,
				373492D81A84CD1D0084A26E /* Table ViewTests */,
			);
		};
/* End PBXProject section */

/* Begin PBXResourcesBuildPhase section */
		373492B61A84CD1D0084A26E /* Resources */ = {
			isa = PBXResourcesBuildPhase;
			buildActionMask = 2147483647;
			files = (
				373492D41A84CD1D0084A26E /* Images.xcassets in Resources */,
				37C3B0431A9F258D0094D70E /* delhi.jpg in Resources */,
				373492C61A84CD1D0084A26E /* InfoPlist.strings in Resources */,
				373492CF1A84CD1D0084A26E /* Main.storyboard in Resources */,
			);
			runOnlyForDeploymentPostprocessing = 0;
		};
		373492D71A84CD1D0084A26E /* Resources */ = {
			isa = PBXResourcesBuildPhase;
			buildActionMask = 2147483647;
			files = (
				373492E51A84CD1D0084A26E /* InfoPlist.strings in Resources */,
			);
			runOnlyForDeploymentPostprocessing = 0;
		};
/* End PBXResourcesBuildPhase section */

/* Begin PBXSourcesBuildPhase section */
		373492B41A84CD1D0084A26E /* Sources */ = {
			isa = PBXSourcesBuildPhase;
			buildActionMask = 2147483647;
			files = (
				373492C81A84CD1D0084A26E /* main.m in Sources */,
				373492CC1A84CD1D0084A26E /* Programming_DemoAppDelegate.m in Sources */,
				373492D21A84CD1D0084A26E /* Programming_DemoViewController.m in Sources */,
			);
			runOnlyForDeploymentPostprocessing = 0;
		};
		373492D51A84CD1D0084A26E /* Sources */ = {
			isa = PBXSourcesBuildPhase;
			buildActionMask = 2147483647;
			files = (
				373492E71A84CD1D0084A26E /* Table_ViewTests.m in Sources */,
			);
			runOnlyForDeploymentPostprocessing = 0;
		};
/* End PBXSourcesBuildPhase section */

/* Begin PBXTargetDependency section */
		373492DF1A84CD1D0084A26E /* PBXTargetDependency */ = {
			isa = PBXTargetDependency;
			target = 373492B71A84CD1D0084A26E /* Table View */;
			targetProxy = 373492DE1A84CD1D0084A26E /* PBXContainerItemProxy */;
		};
/* End PBXTargetDependency section */

/* Begin PBXVariantGroup section */
		373492C41A84CD1D0084A26E /* InfoPlist.strings */ = {
			isa = PBXVariantGroup;
			children = (
				373492C51A84CD1D0084A26E /* en */,
			);
			name = InfoPlist.strings;
			sourceTree = "<group>";
		};
		373492CD1A84CD1D0084A26E /* Main.storyboard */ = {
			isa = PBXVariantGroup;
			children = (
				373492CE1A84CD1D0084A26E /* Base */,
			);
			name = Main.storyboard;
			sourceTree = "<group>";
		};
		373492E31A84CD1D0084A26E /* InfoPlist.strings */ = {
			isa = PBXVariantGroup;
			children = (
				373492E41A84CD1D0084A26E /* en */,
			);
			name = InfoPlist.strings;
			sourceTree = "<group>";
		};
/* End PBXVariantGroup section */

/* Begin XCBuildConfiguration section */
		373492E81A84CD1D0084A26E /* Debug */ = {
			isa = XCBuildConfiguration;
			buildSettings = {
				ALWAYS_SEARCH_USER_PATHS = NO;
				CLANG_CXX_LANGUAGE_STANDARD = "gnu++0x";
				CLANG_CXX_LIBRARY = "libc++";
				CLANG_ENABLE_MODULES = YES;
				CLANG_ENABLE_OBJC_ARC = YES;
				CLANG_WARN_BOOL_CONVERSION = YES;
				CLANG_WARN_CONSTANT_CONVERSION = YES;
				CLANG_WARN_DIRECT_OBJC_ISA_USAGE = YES_ERROR;
				CLANG_WARN_EMPTY_BODY = YES;
				CLANG_WARN_ENUM_CONVERSION = YES;
				CLANG_WARN_INT_CONVERSION = YES;
				CLANG_WARN_OBJC_ROOT_CLASS = YES_ERROR;
				CLANG_WARN__DUPLICATE_METHOD_MATCH = YES;
				"CODE_SIGN_IDENTITY[sdk=iphoneos*]" = "iPhone Developer";
				COPY_PHASE_STRIP = NO;
				GCC_C_LANGUAGE_STANDARD = gnu99;
				GCC_DYNAMIC_NO_PIC = NO;
				GCC_OPTIMIZATION_LEVEL = 0;
				GCC_PREPROCESSOR_DEFINITIONS = (
					"DEBUG=1",
					"$(inherited)",
				);
				GCC_SYMBOLS_PRIVATE_EXTERN = NO;
				GCC_WARN_64_TO_32_BIT_CONVERSION = YES;
				GCC_WARN_ABOUT_RETURN_TYPE = YES_ERROR;
				GCC_WARN_UNDECLARED_SELECTOR = YES;
				GCC_WARN_UNINITIALIZED_AUTOS = YES_AGGRESSIVE;
				GCC_WARN_UNUSED_FUNCTION = YES;
				GCC_WARN_UNUSED_VARIABLE = YES;
				IPHONEOS_DEPLOYMENT_TARGET = 7.1;
				ONLY_ACTIVE_ARCH = YES;
				SDKROOT = iphoneos;
			};
			name = Debug;
		};
		373492E91A84CD1D0084A26E /* Release */ = {
			isa = XCBuildConfiguration;
			buildSettings = {
				ALWAYS_SEARCH_USER_PATHS = NO;
				CLANG_CXX_LANGUAGE_STANDARD = "gnu++0x";
				CLANG_CXX_LIBRARY = "libc++";
				CLANG_ENABLE_MODULES = YES;
				CLANG_ENABLE_OBJC_ARC = YES;
				CLANG_WARN_BOOL_CONVERSION = YES;
				CLANG_WARN_CONSTANT_CONVERSION = YES;
				CLANG_WARN_DIRECT_OBJC_ISA_USAGE = YES_ERROR;
				CLANG_WARN_EMPTY_BODY = YES;
				CLANG_WARN_ENUM_CONVERSION = YES;
				CLANG_WARN_INT_CONVERSION = YES;
				CLANG_WARN_OBJC_ROOT_CLASS = YES_ERROR;
				CLANG_WARN__DUPLICATE_METHOD_MATCH = YES;
				"CODE_SIGN_IDENTITY[sdk=iphoneos*]" = "iPhone Developer";
				COPY_PHASE_STRIP = YES;
				ENABLE_NS_ASSERTIONS = NO;
				GCC_C_LANGUAGE_STANDARD = gnu99;
				GCC_WARN_64_TO_32_BIT_CONVERSION = YES;
				GCC_WARN_ABOUT_RETURN_TYPE = YES_ERROR;
				GCC_WARN_UNDECLARED_SELECTOR = YES;
				GCC_WARN_UNINITIALIZED_AUTOS = YES_AGGRESSIVE;
				GCC_WARN_UNUSED_FUNCTION = YES;
				GCC_WARN_UNUSED_VARIABLE = YES;
				IPHONEOS_DEPLOYMENT_TARGET = 7.1;
				SDKROOT = iphoneos;
				VALIDATE_PRODUCT = YES;
			};
			name = Release;
		};
		373492EB1A84CD1D0084A26E /* Debug */ = {
			isa = XCBuildConfiguration;
			buildSettings = {
				ASSETCATALOG_COMPILER_APPICON_NAME = AppIcon;
				ASSETCATALOG_COMPILER_LAUNCHIMAGE_NAME = LaunchImage;
				GCC_PRECOMPILE_PREFIX_HEADER = YES;
				GCC_PREFIX_HEADER = "Table View/Table View-Prefix.pch";
				INFOPLIST_FILE = "Table View/Table View-Info.plist";
				PRODUCT_NAME = "$(TARGET_NAME)";
				WRAPPER_EXTENSION = app;
			};
			name = Debug;
		};
		373492EC1A84CD1D0084A26E /* Release */ = {
			isa = XCBuildConfiguration;
			buildSettings = {
				ASSETCATALOG_COMPILER_APPICON_NAME = AppIcon;
				ASSETCATALOG_COMPILER_LAUNCHIMAGE_NAME = LaunchImage;
				GCC_PRECOMPILE_PREFIX_HEADER = YES;
				GCC_PREFIX_HEADER = "Table View/Table View-Prefix.pch";
				INFOPLIST_FILE = "Table View/Table View-Info.plist";
				PRODUCT_NAME = "$(TARGET_NAME)";
				WRAPPER_EXTENSION = app;
			};
			name = Release;
		};
		373492EE1A84CD1D0084A26E /* Debug */ = {
			isa = XCBuildConfiguration;
			buildSettings = {
				BUNDLE_LOADER = "$(BUILT_PRODUCTS_DIR)/Table View.app/Table View";
				FRAMEWORK_SEARCH_PATHS = (
					"$(SDKROOT)/Developer/Library/Frameworks",
					"$(inherited)",
					"$(DEVELOPER_FRAMEWORKS_DIR)",
				);
				GCC_PRECOMPILE_PREFIX_HEADER = YES;
				GCC_PREFIX_HEADER = "Table View/Table View-Prefix.pch";
				GCC_PREPROCESSOR_DEFINITIONS = (
					"DEBUG=1",
					"$(inherited)",
				);
				INFOPLIST_FILE = "Table ViewTests/Table ViewTests-Info.plist";
				PRODUCT_NAME = "$(TARGET_NAME)";
				TEST_HOST = "$(BUNDLE_LOADER)";
				WRAPPER_EXTENSION = xctest;
			};
			name = Debug;
		};
		373492EF1A84CD1D0084A26E /* Release */ = {
			isa = XCBuildConfiguration;
			buildSettings = {
				BUNDLE_LOADER = "$(BUILT_PRODUCTS_DIR)/Table View.app/Table View";
				FRAMEWORK_SEARCH_PATHS = (
					"$(SDKROOT)/Developer/Library/Frameworks",
					"$(inherited)",
					"$(DEVELOPER_FRAMEWORKS_DIR)",
				);
				GCC_PRECOMPILE_PREFIX_HEADER = YES;
				GCC_PREFIX_HEADER = "Table View/Table View-Prefix.pch";
				INFOPLIST_FILE = "Table ViewTests/Table ViewTests-Info.plist";
				PRODUCT_NAME = "$(TARGET_NAME)";
				TEST_HOST = "$(BUNDLE_LOADER)";
				WRAPPER_EXTENSION = xctest;
			};
			name = Release;
		};
/* End XCBuildConfiguration section */

/* Begin XCConfigurationList section */
		373492B31A84CD1D0084A26E /* Build configuration list for PBXProject "Table View" */ = {
			isa = XCConfigurationList;
			buildConfigurations = (
				373492E81A84CD1D0084A26E /* Debug */,
				373492E91A84CD1D0084A26E /* Release */,
			);
			defaultConfigurationIsVisible = 0;
			defaultConfigurationName = Release;
		};
		373492EA1A84CD1D0084A26E /* Build configuration list for PBXNativeTarget "Table View" */ = {
			isa = XCConfigurationList;
			buildConfigurations = (
				373492EB1A84CD1D0084A26E /* Debug */,
				373492EC1A84CD1D0084A26E /* Release */,
			);
			defaultConfigurationIsVisible = 0;
			defaultConfigurationName = Release;
		};
		373492ED1A84CD1D0084A26E /* Build configuration list for PBXNativeTarget "Table ViewTests" */ = {
			isa = XCConfigurationList;
			buildConfigurations = (
				373492EE1A84CD1D0084A26E /* Debug */,
				373492EF1A84CD1D0084A26E /* Release */,
			);
			defaultConfigurationIsVisible = 0;
			defaultConfigurationName = Release;
		};
/* End XCConfigurationList section */
	};
	rootObject = 373492B01A84CD1D0084A26E /* Project object */;
}
